
Microsoft Visual Studio Solution File, Format Version 12.00
# Visual Studio 15
VisualStudioVersion = 15.0.27130.2010
MinimumVisualStudioVersion = 10.0.40219.1
Project("{FAE04EC0-301F-11D3-BF4B-00C04F79EFBC}") = "RainBo.WMS", "RainBo.WMS\RainBo.WMS.csproj", "{53BFBDBC-9F8C-4A88-B484-20797D2A98F0}"
EndProject
Global
	GlobalSection(SolutionConfigurationPlatforms) = preSolution
		Debug|Any CPU = Debug|Any CPU
		Release|Any CPU = Release|Any CPU
	EndGlobalSection
	GlobalSection(ProjectConfigurationPlatforms) = postSolution
		{53BFBDBC-9F8C-4A88-B484-20797D2A98F0}.Debug|Any CPU.ActiveCfg = Debug|Any CPU
		{53BFBDBC-9F8C-4A88-B484-20797D2A98F0}.Debug|Any CPU.Build.0 = Debug|Any CPU
		{53BFBDBC-9F8C-4A88-B484-20797D2A98F0}.Release|Any CPU.ActiveCfg = Release|Any CPU
		{53BFBDBC-9F8C-4A88-B484-20797D2A98F0}.Release|Any CPU.Build.0 = Release|Any CPU
	EndGlobalSection
	GlobalSection(SolutionProperties) = preSolution
		HideSolutionNode = FALSE
	EndGlobalSection
	GlobalSection(ExtensibilityGlobals) = postSolution
		SolutionGuid = {BFAF6B9B-C8B0-4596-9DD7-BDD879D34A86}
	EndGlobalSection
EndGlobal
